
Microsoft Visual Studio Solution File, Format Version 12.00
# Visual Studio Version 17
VisualStudioVersion = 17.6.33513.286
MinimumVisualStudioVersion = 10.0.40219.1
Project("{FAE04EC0-301F-11D3-BF4B-00C04F79EFBC}") = "EncryptConfiguration", "EncryptConfiguration\EncryptConfiguration.csproj", "{F46DD9C8-11A8-4C73-8CE8-2CC1D4408332}"
EndProject
Global
	GlobalSection(SolutionConfigurationPlatforms) = preSolution
		Debug|Any CPU = Debug|Any CPU
		Release|Any CPU = Release|Any CPU
	EndGlobalSection
	GlobalSection(ProjectConfigurationPlatforms) = postSolution
		{F46DD9C8-11A8-4C73-8CE8-2CC1D4408332}.Debug|Any CPU.ActiveCfg = Debug|Any CPU
		{F46DD9C8-11A8-4C73-8CE8-2CC1D4408332}.Debug|Any CPU.Build.0 = Debug|Any CPU
		{F46DD9C8-11A8-4C73-8CE8-2CC1D4408332}.Release|Any CPU.ActiveCfg = Release|Any CPU
		{F46DD9C8-11A8-4C73-8CE8-2CC1D4408332}.Release|Any CPU.Build.0 = Release|Any CPU
	EndGlobalSection
	GlobalSection(SolutionProperties) = preSolution
		HideSolutionNode = FALSE
	EndGlobalSection
	GlobalSection(ExtensibilityGlobals) = postSolution
		SolutionGuid = {74A14212-9074-4E71-B3E1-587A3CE1941B}
	EndGlobalSection
EndGlobal
